Microsoft Visual Studio Solution File, Format Version 12.00
# Visual Studio 15
VisualStudioVersion = 15.0.26730.12
MinimumVisualStudioVersion = 10.0.40219.1
Project("{FAE04EC0-301F-11D3-BF4B-00C04F79EFBC}") = "Crossroads.Service.Finance", "Crossroads.Service.Finance\Crossroads.Service.Finance.csproj", "{59403618-5FAF-4EEF-B9B2-D57EA3F8D90D}"
EndProject
Project("{FAE04EC0-301F-11D3-BF4B-00C04F79EFBC}") = "Crossroads.Service.Finance.Test", "Crossroads.Service.Finance.Test\Crossroads.Service.Finance.Test.csproj", "{4A7F151D-C5AB-4F72-8945-5A2347017A59}"
EndProject
Project("{FAE04EC0-301F-11D3-BF4B-00C04F79EFBC}") = "MinistryPlatform", "MinistryPlatform\MinistryPlatform.csproj", "{8A123163-923C-4082-ADED-1D4A700938F7}"
EndProject
Project("{FAE04EC0-301F-11D3-BF4B-00C04F79EFBC}") = "MinistryPlatform.Test", "MinistryPlatform.Test\MinistryPlatform.Test.csproj", "{203D2464-0F60-433D-8DAA-E0D72C7AD57C}"
EndProject
Project("{FAE04EC0-301F-11D3-BF4B-00C04F79EFBC}") = "Mock", "Mock\Mock.csproj", "{E5ADEDD6-39CB-425B-BD1F-43A6744094EC}"
EndProject
Project("{FAE04EC0-301F-11D3-BF4B-00C04F79EFBC}") = "Pushpay", "Pushpay\Pushpay.csproj", "{14D56A4E-987F-4D98-AA2A-882246969476}"
EndProject
Project("{FAE04EC0-301F-11D3-BF4B-00C04F79EFBC}") = "Pushpay.Test", "Pushpay.Test\Pushpay.Test.csproj", "{9E44F63C-7E97-48A3-B0C6-DEFEF02D3341}"
EndProject
Global
	GlobalSection(SolutionConfigurationPlatforms) = preSolution
		Debug|Any CPU = Debug|Any CPU
		Demo|Any CPU = Demo|Any CPU
		Integration|Any CPU = Integration|Any CPU
		Release|Any CPU = Release|Any CPU
	EndGlobalSection
	GlobalSection(ProjectConfigurationPlatforms) = postSolution
		{59403618-5FAF-4EEF-B9B2-D57EA3F8D90D}.Debug|Any CPU.ActiveCfg = Debug|Any CPU
		{59403618-5FAF-4EEF-B9B2-D57EA3F8D90D}.Debug|Any CPU.Build.0 = Debug|Any CPU
		{59403618-5FAF-4EEF-B9B2-D57EA3F8D90D}.Demo|Any CPU.ActiveCfg = Debug|Any CPU
		{59403618-5FAF-4EEF-B9B2-D57EA3F8D90D}.Demo|Any CPU.Build.0 = Debug|Any CPU
		{59403618-5FAF-4EEF-B9B2-D57EA3F8D90D}.Integration|Any CPU.ActiveCfg = Release|Any CPU
		{59403618-5FAF-4EEF-B9B2-D57EA3F8D90D}.Integration|Any CPU.Build.0 = Release|Any CPU
		{59403618-5FAF-4EEF-B9B2-D57EA3F8D90D}.Release|Any CPU.ActiveCfg = Release|Any CPU
		{59403618-5FAF-4EEF-B9B2-D57EA3F8D90D}.Release|Any CPU.Build.0 = Release|Any CPU
		{4A7F151D-C5AB-4F72-8945-5A2347017A59}.Debug|Any CPU.ActiveCfg = Debug|Any CPU
		{4A7F151D-C5AB-4F72-8945-5A2347017A59}.Debug|Any CPU.Build.0 = Debug|Any CPU
		{4A7F151D-C5AB-4F72-8945-5A2347017A59}.Demo|Any CPU.ActiveCfg = Debug|Any CPU
		{4A7F151D-C5AB-4F72-8945-5A2347017A59}.Demo|Any CPU.Build.0 = Debug|Any CPU
		{4A7F151D-C5AB-4F72-8945-5A2347017A59}.Integration|Any CPU.ActiveCfg = Release|Any CPU
		{4A7F151D-C5AB-4F72-8945-5A2347017A59}.Integration|Any CPU.Build.0 = Release|Any CPU
		{4A7F151D-C5AB-4F72-8945-5A2347017A59}.Release|Any CPU.ActiveCfg = Release|Any CPU
		{4A7F151D-C5AB-4F72-8945-5A2347017A59}.Release|Any CPU.Build.0 = Release|Any CPU
		{8A123163-923C-4082-ADED-1D4A700938F7}.Debug|Any CPU.ActiveCfg = Debug|Any CPU
		{8A123163-923C-4082-ADED-1D4A700938F7}.Debug|Any CPU.Build.0 = Debug|Any CPU
		{8A123163-923C-4082-ADED-1D4A700938F7}.Demo|Any CPU.ActiveCfg = Debug|Any CPU
		{8A123163-923C-4082-ADED-1D4A700938F7}.Demo|Any CPU.Build.0 = Debug|Any CPU
		{8A123163-923C-4082-ADED-1D4A700938F7}.Integration|Any CPU.ActiveCfg = Release|Any CPU
		{8A123163-923C-4082-ADED-1D4A700938F7}.Integration|Any CPU.Build.0 = Release|Any CPU
		{8A123163-923C-4082-ADED-1D4A700938F7}.Release|Any CPU.ActiveCfg = Release|Any CPU
		{8A123163-923C-4082-ADED-1D4A700938F7}.Release|Any CPU.Build.0 = Release|Any CPU
		{203D2464-0F60-433D-8DAA-E0D72C7AD57C}.Debug|Any CPU.ActiveCfg = Debug|Any CPU
		{203D2464-0F60-433D-8DAA-E0D72C7AD57C}.Debug|Any CPU.Build.0 = Debug|Any CPU
		{203D2464-0F60-433D-8DAA-E0D72C7AD57C}.Demo|Any CPU.ActiveCfg = Debug|Any CPU
		{203D2464-0F60-433D-8DAA-E0D72C7AD57C}.Demo|Any CPU.Build.0 = Debug|Any CPU
		{203D2464-0F60-433D-8DAA-E0D72C7AD57C}.Integration|Any CPU.ActiveCfg = Release|Any CPU
		{203D2464-0F60-433D-8DAA-E0D72C7AD57C}.Integration|Any CPU.Build.0 = Release|Any CPU
		{203D2464-0F60-433D-8DAA-E0D72C7AD57C}.Release|Any CPU.ActiveCfg = Release|Any CPU
		{203D2464-0F60-433D-8DAA-E0D72C7AD57C}.Release|Any CPU.Build.0 = Release|Any CPU
		{E5ADEDD6-39CB-425B-BD1F-43A6744094EC}.Debug|Any CPU.ActiveCfg = Debug|Any CPU
		{E5ADEDD6-39CB-425B-BD1F-43A6744094EC}.Debug|Any CPU.Build.0 = Debug|Any CPU
		{E5ADEDD6-39CB-425B-BD1F-43A6744094EC}.Demo|Any CPU.ActiveCfg = Debug|Any CPU
		{E5ADEDD6-39CB-425B-BD1F-43A6744094EC}.Demo|Any CPU.Build.0 = Debug|Any CPU
		{E5ADEDD6-39CB-425B-BD1F-43A6744094EC}.Integration|Any CPU.ActiveCfg = Release|Any CPU
		{E5ADEDD6-39CB-425B-BD1F-43A6744094EC}.Integration|Any CPU.Build.0 = Release|Any CPU
		{E5ADEDD6-39CB-425B-BD1F-43A6744094EC}.Release|Any CPU.ActiveCfg = Release|Any CPU
		{E5ADEDD6-39CB-425B-BD1F-43A6744094EC}.Release|Any CPU.Build.0 = Release|Any CPU
		{14D56A4E-987F-4D98-AA2A-882246969476}.Debug|Any CPU.ActiveCfg = Debug|Any CPU
		{14D56A4E-987F-4D98-AA2A-882246969476}.Debug|Any CPU.Build.0 = Debug|Any CPU
		{14D56A4E-987F-4D98-AA2A-882246969476}.Demo|Any CPU.ActiveCfg = Debug|Any CPU
		{14D56A4E-987F-4D98-AA2A-882246969476}.Demo|Any CPU.Build.0 = Debug|Any CPU
		{14D56A4E-987F-4D98-AA2A-882246969476}.Integration|Any CPU.ActiveCfg = Release|Any CPU
		{14D56A4E-987F-4D98-AA2A-882246969476}.Integration|Any CPU.Build.0 = Release|Any CPU
		{14D56A4E-987F-4D98-AA2A-882246969476}.Release|Any CPU.ActiveCfg = Release|Any CPU
		{14D56A4E-987F-4D98-AA2A-882246969476}.Release|Any CPU.Build.0 = Release|Any CPU
		{9E44F63C-7E97-48A3-B0C6-DEFEF02D3341}.Debug|Any CPU.ActiveCfg = Debug|Any CPU
		{9E44F63C-7E97-48A3-B0C6-DEFEF02D3341}.Debug|Any CPU.Build.0 = Debug|Any CPU
		{9E44F63C-7E97-48A3-B0C6-DEFEF02D3341}.Demo|Any CPU.ActiveCfg = Debug|Any CPU
		{9E44F63C-7E97-48A3-B0C6-DEFEF02D3341}.Demo|Any CPU.Build.0 = Debug|Any CPU
		{9E44F63C-7E97-48A3-B0C6-DEFEF02D3341}.Integration|Any CPU.ActiveCfg = Release|Any CPU
		{9E44F63C-7E97-48A3-B0C6-DEFEF02D3341}.Integration|Any CPU.Build.0 = Release|Any CPU
		{9E44F63C-7E97-48A3-B0C6-DEFEF02D3341}.Release|Any CPU.ActiveCfg = Release|Any CPU
		{9E44F63C-7E97-48A3-B0C6-DEFEF02D3341}.Release|Any CPU.Build.0 = Release|Any CPU
	EndGlobalSection
	GlobalSection(SolutionProperties) = preSolution
		HideSolutionNode = FALSE
	EndGlobalSection
	GlobalSection(ExtensibilityGlobals) = postSolution
		SolutionGuid = {91CD0D5E-E5C8-4AD8-8D47-A4E531214F71}
	EndGlobalSection
EndGlobal
